
Microsoft Visual Studio Solution File, Format Version 12.00
# Visual Studio 15
Project("{FAE04EC0-301F-11D3-BF4B-00C04F79EFBC}") = "Unity.Timeline", "Unity.Timeline.csproj", "{C124F477-5254-27BE-6270-9AD611F87DFE}"
EndProject
Project("{FAE04EC0-301F-11D3-BF4B-00C04F79EFBC}") = "Unity.RenderPipelines.GPUDriven.Runtime", "Unity.RenderPipelines.GPUDriven.Runtime.csproj", "{212037BF-E548-6FDB-4AAF-9AD3E5EE817F}"
EndProject
Project("{FAE04EC0-301F-11D3-BF4B-00C04F79EFBC}") = "Unity.PlasticSCM.Editor", "Unity.PlasticSCM.Editor.csproj", "{9B62F8BB-9482-23B8-6543-9B5296E46826}"
EndProject
Project("{FAE04EC0-301F-11D3-BF4B-00C04F79EFBC}") = "Unity.ShaderGraph.Editor", "Unity.ShaderGraph.Editor.csproj", "{CC5E35D5-D9E1-67FA-5D5D-BDF38F0AD2B1}"
EndProject
Project("{FAE04EC0-301F-11D3-BF4B-00C04F79EFBC}") = "Unity.RenderPipelines.Core.Runtime", "Unity.RenderPipelines.Core.Runtime.csproj", "{9E813868-F91E-D493-E390-5B256E26AF3F}"
EndProject
Project("{FAE04EC0-301F-11D3-BF4B-00C04F79EFBC}") = "Unity.Mathematics", "Unity.Mathematics.csproj", "{E825DFBA-086D-2877-0821-17FA557BB469}"
EndProject
Project("{FAE04EC0-301F-11D3-BF4B-00C04F79EFBC}") = "Unity.Timeline.Editor", "Unity.Timeline.Editor.csproj", "{D361BEB5-F2B3-04F9-980E-4ACD02490721}"
EndProject
Project("{FAE04EC0-301F-11D3-BF4B-00C04F79EFBC}") = "Unity.Cinemachine.Editor", "Unity.Cinemachine.Editor.csproj", "{918ECDCE-3EEF-B8A5-1335-68C5F26FDDE6}"
EndProject
Project("{FAE04EC0-301F-11D3-BF4B-00C04F79EFBC}") = "Unity.Multiplayer.Center.Editor", "Unity.Multiplayer.Center.Editor.csproj", "{717F2B1E-5724-C79D-F2C8-811A886435F3}"
EndProject
Project("{FAE04EC0-301F-11D3-BF4B-00C04F79EFBC}") = "Unity.Collections", "Unity.Collections.csproj", "{D04BD9F9-C08B-3644-C5CF-13E040D65F63}"
EndProject
Project("{FAE04EC0-301F-11D3-BF4B-00C04F79EFBC}") = "UnityEngine.UI", "UnityEngine.UI.csproj", "{27C773BA-561E-32D7-0713-15874ED036F9}"
EndProject
Project("{FAE04EC0-301F-11D3-BF4B-00C04F79EFBC}") = "Unity.RenderPipelines.Core.Editor", "Unity.RenderPipelines.Core.Editor.csproj", "{BACD1DDB-E295-6B00-EC3F-563DC73FDD8A}"
EndProject
Project("{FAE04EC0-301F-11D3-BF4B-00C04F79EFBC}") = "Unity.RenderPipelines.Universal.2D.Runtime", "Unity.RenderPipelines.Universal.2D.Runtime.csproj", "{E07DBD31-6D56-CE81-1C11-1EF3DDDB105F}"
EndProject
Project("{FAE04EC0-301F-11D3-BF4B-00C04F79EFBC}") = "Unity.VisualScripting.Core.Editor", "Unity.VisualScripting.Core.Editor.csproj", "{0EB51EB6-E2DB-6013-9273-BCC65E8F1900}"
EndProject
Project("{FAE04EC0-301F-11D3-BF4B-00C04F79EFBC}") = "Unity.RenderPipelines.Universal.Editor", "Unity.RenderPipelines.Universal.Editor.csproj", "{7A393582-7985-3992-D8FD-6962659AABFE}"
EndProject
Project("{FAE04EC0-301F-11D3-BF4B-00C04F79EFBC}") = "Unity.PerformanceTesting.Editor", "Unity.PerformanceTesting.Editor.csproj", "{115546B8-CC87-C1E2-6435-306343B7852B}"
EndProject
Project("{FAE04EC0-301F-11D3-BF4B-00C04F79EFBC}") = "Unity.Splines", "Unity.Splines.csproj", "{2C8F7FF4-4818-499D-DD48-0EB02F7AE436}"
EndProject
Project("{FAE04EC0-301F-11D3-BF4B-00C04F79EFBC}") = "UnityEngine.TestRunner", "UnityEngine.TestRunner.csproj", "{0CE7EC29-3048-0952-C9D6-203D8F9CBA76}"
EndProject
Project("{FAE04EC0-301F-11D3-BF4B-00C04F79EFBC}") = "Unity.Burst", "Unity.Burst.csproj", "{FC3B22FA-676C-5641-531E-4158E9EBC8F8}"
EndProject
Project("{FAE04EC0-301F-11D3-BF4B-00C04F79EFBC}") = "Unity.VisualScripting.Flow.Editor", "Unity.VisualScripting.Flow.Editor.csproj", "{395AC973-044D-339C-5A34-FFED7340B530}"
EndProject
Project("{FAE04EC0-301F-11D3-BF4B-00C04F79EFBC}") = "Unity.VisualStudio.Editor", "Unity.VisualStudio.Editor.csproj", "{3BD67EBB-2579-C101-DDA0-CC44EDD212A1}"
EndProject
Project("{FAE04EC0-301F-11D3-BF4B-00C04F79EFBC}") = "Unity.InputSystem", "Unity.InputSystem.csproj", "{87B219AA-B4C7-7DF3-E122-5A7679B9AFCC}"
EndProject
Project("{FAE04EC0-301F-11D3-BF4B-00C04F79EFBC}") = "PPv2URPConverters", "PPv2URPConverters.csproj", "{5080783B-9070-94E2-74F4-2991E6F521F5}"
EndProject
Project("{FAE04EC0-301F-11D3-BF4B-00C04F79EFBC}") = "Unity.Searcher.Editor", "Unity.Searcher.Editor.csproj", "{0D0407F6-128C-5C3B-1B38-0447EC36A9CE}"
EndProject
Project("{FAE04EC0-301F-11D3-BF4B-00C04F79EFBC}") = "UnityEditor.TestRunner", "UnityEditor.TestRunner.csproj", "{007B61ED-3D4F-82BB-8D2A-1E96DBAE1FBA}"
EndProject
Project("{FAE04EC0-301F-11D3-BF4B-00C04F79EFBC}") = "Unity.VisualScripting.Core", "Unity.VisualScripting.Core.csproj", "{FF1F6030-1AC5-8E9C-152E-0C8B41ABEB8C}"
EndProject
Project("{FAE04EC0-301F-11D3-BF4B-00C04F79EFBC}") = "Unity.RenderPipelines.Universal.Runtime", "Unity.RenderPipelines.Universal.Runtime.csproj", "{71B87B12-1B6C-56A4-1CA3-87322E414CD9}"
EndProject
Project("{FAE04EC0-301F-11D3-BF4B-00C04F79EFBC}") = "Unity.CollabProxy.Editor", "Unity.CollabProxy.Editor.csproj", "{6FB5C239-811E-B388-0DB5-927EC02D0A10}"
EndProject
Project("{FAE04EC0-301F-11D3-BF4B-00C04F79EFBC}") = "Unity.AI.Navigation.Editor.ConversionSystem", "Unity.AI.Navigation.Editor.ConversionSystem.csproj", "{8C3184C3-2325-3F15-99A7-848D78430995}"
EndProject
Project("{FAE04EC0-301F-11D3-BF4B-00C04F79EFBC}") = "Unity.VisualScripting.State.Editor", "Unity.VisualScripting.State.Editor.csproj", "{76309B4F-ABBA-7A62-9A81-F43B500ED7D8}"
EndProject
Project("{FAE04EC0-301F-11D3-BF4B-00C04F79EFBC}") = "Unity.Burst.CodeGen", "Unity.Burst.CodeGen.csproj", "{198CC240-C335-1849-C882-D5A933E8081B}"
EndProject
Project("{FAE04EC0-301F-11D3-BF4B-00C04F79EFBC}") = "Unity.Cinemachine", "Unity.Cinemachine.csproj", "{7FEA438F-8958-7960-0449-ACA776EFA017}"
EndProject
Project("{FAE04EC0-301F-11D3-BF4B-00C04F79EFBC}") = "Unity.VisualScripting.Flow", "Unity.VisualScripting.Flow.csproj", "{06C5EC0D-0A58-CBC6-1E77-A64A3B55C7D6}"
EndProject
Project("{FAE04EC0-301F-11D3-BF4B-00C04F79EFBC}") = "Unity.Splines.Editor", "Unity.Splines.Editor.csproj", "{FEF9B8B8-C50B-AB0B-53D9-CD9B864D1EC0}"
EndProject
Project("{FAE04EC0-301F-11D3-BF4B-00C04F79EFBC}") = "Unity.PerformanceTesting", "Unity.PerformanceTesting.csproj", "{99107DF2-CEFC-0F74-FC88-443D173FB52C}"
EndProject
Project("{FAE04EC0-301F-11D3-BF4B-00C04F79EFBC}") = "Unity.TextMeshPro", "Unity.TextMeshPro.csproj", "{1AE0C155-3FE2-8FF1-765E-0BC5B73D2665}"
EndProject
Project("{FAE04EC0-301F-11D3-BF4B-00C04F79EFBC}") = "Unity.TextMeshPro.Editor", "Unity.TextMeshPro.Editor.csproj", "{7B523A7E-4AD3-0847-8675-FEDD23FC3F83}"
EndProject
Project("{FAE04EC0-301F-11D3-BF4B-00C04F79EFBC}") = "Unity.Rendering.LightTransport.Runtime", "Unity.Rendering.LightTransport.Runtime.csproj", "{DDEE1FD6-06C0-8FBA-69FF-45F19965DDE8}"
EndProject
Project("{FAE04EC0-301F-11D3-BF4B-00C04F79EFBC}") = "Unity.Burst.Editor", "Unity.Burst.Editor.csproj", "{2A5484A3-5D98-D538-ABC7-2D5DEA5229E3}"
EndProject
Project("{FAE04EC0-301F-11D3-BF4B-00C04F79EFBC}") = "Unity.Rider.Editor", "Unity.Rider.Editor.csproj", "{57BCDABA-B1A5-BDBF-C7C8-5AD489DD4868}"
EndProject
Project("{FAE04EC0-301F-11D3-BF4B-00C04F79EFBC}") = "Unity.VisualScripting.State", "Unity.VisualScripting.State.csproj", "{F0CD6592-6A54-0F44-F603-497846B291C6}"
EndProject
Project("{FAE04EC0-301F-11D3-BF4B-00C04F79EFBC}") = "Unity.AI.Navigation.Updater", "Unity.AI.Navigation.Updater.csproj", "{2E567497-9182-8721-5E97-49A31E9B5CF6}"
EndProject
Project("{FAE04EC0-301F-11D3-BF4B-00C04F79EFBC}") = "UnityEditor.UI", "UnityEditor.UI.csproj", "{370F8401-3782-5408-BACC-24E9762FEBDC}"
EndProject
Project("{FAE04EC0-301F-11D3-BF4B-00C04F79EFBC}") = "Unity.AI.Navigation.Editor", "Unity.AI.Navigation.Editor.csproj", "{0ABA9C1B-4BFC-4C48-6B0F-EFA937D652CD}"
EndProject
Project("{FAE04EC0-301F-11D3-BF4B-00C04F79EFBC}") = "Unity.Multiplayer.Center.Common", "Unity.Multiplayer.Center.Common.csproj", "{5324ACA5-76CF-999F-950A-01AA83D3E37A}"
EndProject
Project("{FAE04EC0-301F-11D3-BF4B-00C04F79EFBC}") = "Unity.InputSystem.ForUI", "Unity.InputSystem.ForUI.csproj", "{1173238C-D024-5CE8-4036-C29A2014B32C}"
EndProject
Project("{FAE04EC0-301F-11D3-BF4B-00C04F79EFBC}") = "Unity.AI.Navigation", "Unity.AI.Navigation.csproj", "{D258C573-F2ED-2157-9397-B37027578FEE}"
EndProject
Project("{FAE04EC0-301F-11D3-BF4B-00C04F79EFBC}") = "Unity.Collections.CodeGen", "Unity.Collections.CodeGen.csproj", "{3442FEB6-C7A5-5938-4932-00AC3BDFAD21}"
EndProject
Project("{FAE04EC0-301F-11D3-BF4B-00C04F79EFBC}") = "Unity.Mathematics.Editor", "Unity.Mathematics.Editor.csproj", "{D4D6B5D2-CAAC-C2FC-EAF3-5F5C5993E860}"
EndProject
Project("{FAE04EC0-301F-11D3-BF4B-00C04F79EFBC}") = "Unity.VisualScripting.SettingsProvider.Editor", "Unity.VisualScripting.SettingsProvider.Editor.csproj", "{8A9D0C33-F658-3E3E-BE79-713EA7F2507F}"
EndProject
Project("{FAE04EC0-301F-11D3-BF4B-00C04F79EFBC}") = "Assembly-CSharp-Editor", "Assembly-CSharp-Editor.csproj", "{31ADA223-F274-C6BE-0635-6B89998B1735}"
EndProject
Project("{FAE04EC0-301F-11D3-BF4B-00C04F79EFBC}") = "Unity.Settings.Editor", "Unity.Settings.Editor.csproj", "{507D9BBE-B3E8-36CE-2863-C51024F45FCE}"
EndProject
Project("{FAE04EC0-301F-11D3-BF4B-00C04F79EFBC}") = "Unity.InputSystem.TestFramework", "Unity.InputSystem.TestFramework.csproj", "{EDD6BB6D-1E59-FD3D-2217-B54897581FAD}"
EndProject
Project("{FAE04EC0-301F-11D3-BF4B-00C04F79EFBC}") = "Unity.ShaderGraph.Utilities", "Unity.ShaderGraph.Utilities.csproj", "{446F0E55-3716-BC16-515D-819C5830598B}"
EndProject
Project("{FAE04EC0-301F-11D3-BF4B-00C04F79EFBC}") = "Unity.VisualScripting.Shared.Editor", "Unity.VisualScripting.Shared.Editor.csproj", "{9BBEDE5C-851D-AFDB-AAEA-F2C7C1928912}"
EndProject
Project("{FAE04EC0-301F-11D3-BF4B-00C04F79EFBC}") = "Assembly-CSharp", "Assembly-CSharp.csproj", "{68D80035-7C12-D101-6FC2-3DE5CB8D4784}"
EndProject
Project("{FAE04EC0-301F-11D3-BF4B-00C04F79EFBC}") = "Unity.RenderPipeline.Universal.ShaderLibrary", "Unity.RenderPipeline.Universal.ShaderLibrary.csproj", "{FCAD9E53-196C-3749-353B-3A5F2CFA8EC8}"
EndProject
Project("{FAE04EC0-301F-11D3-BF4B-00C04F79EFBC}") = "Unity.Rendering.LightTransport.Editor", "Unity.Rendering.LightTransport.Editor.csproj", "{069504B7-4493-68DC-E4C8-9180C3A68015}"
EndProject
Project("{FAE04EC0-301F-11D3-BF4B-00C04F79EFBC}") = "Unity.RenderPipelines.Universal.Shaders", "Unity.RenderPipelines.Universal.Shaders.csproj", "{B14E9F82-3BF6-C0F4-3517-C85D0A4C5469}"
EndProject
Project("{FAE04EC0-301F-11D3-BF4B-00C04F79EFBC}") = "Unity.RenderPipelines.Core.Runtime.Shared", "Unity.RenderPipelines.Core.Runtime.Shared.csproj", "{9576E135-C44B-69FB-EB2B-95BFF084FE71}"
EndProject
Project("{FAE04EC0-301F-11D3-BF4B-00C04F79EFBC}") = "Unity.Collections.Editor", "Unity.Collections.Editor.csproj", "{92093C29-8A6A-F836-FF9D-9439FF888EB6}"
EndProject
Project("{FAE04EC0-301F-11D3-BF4B-00C04F79EFBC}") = "Unity.RenderPipelines.Universal.Config.Runtime", "Unity.RenderPipelines.Universal.Config.Runtime.csproj", "{D9BF0323-480E-887C-BCB3-E927F912E5AA}"
EndProject
Project("{FAE04EC0-301F-11D3-BF4B-00C04F79EFBC}") = "Unity.RenderPipelines.ShaderGraph.ShaderGraphLibrary", "Unity.RenderPipelines.ShaderGraph.ShaderGraphLibrary.csproj", "{E11211A3-C6B9-B94B-2B12-0D63CA2CAB9C}"
EndProject
Project("{FAE04EC0-301F-11D3-BF4B-00C04F79EFBC}") = "Unity.RenderPipelines.Core.ShaderLibrary", "Unity.RenderPipelines.Core.ShaderLibrary.csproj", "{E9DF6D88-BB5D-F08C-5FB8-E11447E3BEEF}"
EndProject
Project("{FAE04EC0-301F-11D3-BF4B-00C04F79EFBC}") = "Unity.RenderPipelines.Core.Editor.Shared", "Unity.RenderPipelines.Core.Editor.Shared.csproj", "{614B4D8E-2A6B-AB2A-A16B-2CAC3141D2D3}"
EndProject
Project("{FAE04EC0-301F-11D3-BF4B-00C04F79EFBC}") = "Unity.Timeline", "Unity.Timeline.Player.csproj", "{9A025F00-B1C5-329F-7BEC-84D7672DDA4C}"
EndProject
Project("{FAE04EC0-301F-11D3-BF4B-00C04F79EFBC}") = "Unity.RenderPipelines.GPUDriven.Runtime", "Unity.RenderPipelines.GPUDriven.Runtime.Player.csproj", "{E05CE8F2-2888-C3FC-A055-EABDA5B82DA8}"
EndProject
Project("{FAE04EC0-301F-11D3-BF4B-00C04F79EFBC}") = "Unity.RenderPipelines.Core.Runtime", "Unity.RenderPipelines.Core.Runtime.Player.csproj", "{E2F42524-684F-B373-8BC9-21C1E9C5525B}"
EndProject
Project("{FAE04EC0-301F-11D3-BF4B-00C04F79EFBC}") = "Unity.Mathematics", "Unity.Mathematics.Player.csproj", "{6B061C09-DF66-97EA-02E1-15A0C1AE5870}"
EndProject
Project("{FAE04EC0-301F-11D3-BF4B-00C04F79EFBC}") = "Unity.Collections", "Unity.Collections.Player.csproj", "{6E260A9B-A04A-101E-8ECE-037097EF6063}"
EndProject
Project("{FAE04EC0-301F-11D3-BF4B-00C04F79EFBC}") = "UnityEngine.UI", "UnityEngine.UI.Player.csproj", "{BF4AAB1F-E397-7BEC-36F1-D68B9AE8E77C}"
EndProject
Project("{FAE04EC0-301F-11D3-BF4B-00C04F79EFBC}") = "Unity.RenderPipelines.Universal.2D.Runtime", "Unity.RenderPipelines.Universal.2D.Runtime.Player.csproj", "{97A33EDF-4722-5F71-48C7-E4D6956AE325}"
EndProject
Project("{FAE04EC0-301F-11D3-BF4B-00C04F79EFBC}") = "Unity.Splines", "Unity.Splines.Player.csproj", "{B4B47C61-AEAD-9147-4BCD-8CB92DC2D168}"
EndProject
Project("{FAE04EC0-301F-11D3-BF4B-00C04F79EFBC}") = "UnityEngine.TestRunner", "UnityEngine.TestRunner.Player.csproj", "{83E0C60A-FB83-3461-D759-DDA981C10E73}"
EndProject
Project("{FAE04EC0-301F-11D3-BF4B-00C04F79EFBC}") = "Unity.Burst", "Unity.Burst.Player.csproj", "{376A7B96-9F1A-6C19-4CA7-85A6F4D75B6E}"
EndProject
Project("{FAE04EC0-301F-11D3-BF4B-00C04F79EFBC}") = "Unity.InputSystem", "Unity.InputSystem.Player.csproj", "{D5D2BED7-E550-3AAC-EF5A-0BDDA6763EB4}"
EndProject
Project("{FAE04EC0-301F-11D3-BF4B-00C04F79EFBC}") = "Unity.VisualScripting.Core", "Unity.VisualScripting.Core.Player.csproj", "{7457658C-EAD9-392C-34CF-F15AC9076990}"
EndProject
Project("{FAE04EC0-301F-11D3-BF4B-00C04F79EFBC}") = "Unity.RenderPipelines.Universal.Runtime", "Unity.RenderPipelines.Universal.Runtime.Player.csproj", "{C8467439-A200-5F86-A158-D28DA052C6EA}"
EndProject
Project("{FAE04EC0-301F-11D3-BF4B-00C04F79EFBC}") = "Unity.Cinemachine", "Unity.Cinemachine.Player.csproj", "{FF94A4D3-9FE6-68E2-7F0C-7B62D433C393}"
EndProject
Project("{FAE04EC0-301F-11D3-BF4B-00C04F79EFBC}") = "Unity.VisualScripting.Flow", "Unity.VisualScripting.Flow.Player.csproj", "{5CD946CF-A8C1-DE30-A750-45E597FA48E5}"
EndProject
Project("{FAE04EC0-301F-11D3-BF4B-00C04F79EFBC}") = "Unity.PerformanceTesting", "Unity.PerformanceTesting.Player.csproj", "{B683EC49-902E-8B5A-9E5D-C419B8060C63}"
EndProject
Project("{FAE04EC0-301F-11D3-BF4B-00C04F79EFBC}") = "Unity.TextMeshPro", "Unity.TextMeshPro.Player.csproj", "{6317804E-0A2F-2BB4-8438-84433C09A693}"
EndProject
Project("{FAE04EC0-301F-11D3-BF4B-00C04F79EFBC}") = "Unity.Rendering.LightTransport.Runtime", "Unity.Rendering.LightTransport.Runtime.Player.csproj", "{4DBE308C-E151-510C-1B4E-4F76762A31A1}"
EndProject
Project("{FAE04EC0-301F-11D3-BF4B-00C04F79EFBC}") = "Unity.VisualScripting.State", "Unity.VisualScripting.State.Player.csproj", "{E76D8743-0E0B-95A9-8391-EC0330426FD1}"
EndProject
Project("{FAE04EC0-301F-11D3-BF4B-00C04F79EFBC}") = "Unity.Multiplayer.Center.Common", "Unity.Multiplayer.Center.Common.Player.csproj", "{C8421883-49B8-2B37-3F01-514CEB82C415}"
EndProject
Project("{FAE04EC0-301F-11D3-BF4B-00C04F79EFBC}") = "Unity.InputSystem.ForUI", "Unity.InputSystem.ForUI.Player.csproj", "{7390C8F6-29A7-4226-A8DF-F7F4B2927063}"
EndProject
Project("{FAE04EC0-301F-11D3-BF4B-00C04F79EFBC}") = "Unity.AI.Navigation", "Unity.AI.Navigation.Player.csproj", "{6DD5D67C-0895-4818-5B65-C83900C13BAB}"
EndProject
Project("{FAE04EC0-301F-11D3-BF4B-00C04F79EFBC}") = "Unity.InputSystem.TestFramework", "Unity.InputSystem.TestFramework.Player.csproj", "{570C3012-D6DC-7745-D201-3CC6E5D6C327}"
EndProject
Project("{FAE04EC0-301F-11D3-BF4B-00C04F79EFBC}") = "Assembly-CSharp", "Assembly-CSharp.Player.csproj", "{5BBC12FC-762A-C223-A390-C3A348FD7BCF}"
EndProject
Project("{FAE04EC0-301F-11D3-BF4B-00C04F79EFBC}") = "Unity.RenderPipeline.Universal.ShaderLibrary", "Unity.RenderPipeline.Universal.ShaderLibrary.Player.csproj", "{B737A07F-045F-D58D-49FC-8ABDDAF766F9}"
EndProject
Project("{FAE04EC0-301F-11D3-BF4B-00C04F79EFBC}") = "Unity.RenderPipelines.Universal.Shaders", "Unity.RenderPipelines.Universal.Shaders.Player.csproj", "{C5456847-55A5-8340-1F08-22ADC21DA85C}"
EndProject
Project("{FAE04EC0-301F-11D3-BF4B-00C04F79EFBC}") = "Unity.RenderPipelines.Core.Runtime.Shared", "Unity.RenderPipelines.Core.Runtime.Shared.Player.csproj", "{FE1E5B9F-F6D9-B536-9C3E-57AFA54F0DBF}"
EndProject
Project("{FAE04EC0-301F-11D3-BF4B-00C04F79EFBC}") = "Unity.RenderPipelines.Universal.Config.Runtime", "Unity.RenderPipelines.Universal.Config.Runtime.Player.csproj", "{FAB4BBDD-6D7B-9661-CD8A-FD129DB0249B}"
EndProject
Project("{FAE04EC0-301F-11D3-BF4B-00C04F79EFBC}") = "Unity.RenderPipelines.ShaderGraph.ShaderGraphLibrary", "Unity.RenderPipelines.ShaderGraph.ShaderGraphLibrary.Player.csproj", "{81417C3E-B8D6-F46B-BB44-5A52B2F6F5C6}"
EndProject
Project("{FAE04EC0-301F-11D3-BF4B-00C04F79EFBC}") = "Unity.RenderPipelines.Core.ShaderLibrary", "Unity.RenderPipelines.Core.ShaderLibrary.Player.csproj", "{97EADAF8-B900-4974-C51F-6317E9011581}"
EndProject
Global
	GlobalSection(SolutionConfigurationPlatforms) = preSolution
		Debug|Any CPU = Debug|Any CPU
		Release|Any CPU = Release|Any CPU
	EndGlobalSection
	GlobalSection(ProjectConfigurationPlatforms) = postSolution
		{C124F477-5254-27BE-6270-9AD611F87DFE}.Debug|Any CPU.ActiveCfg = Debug|Any CPU
		{C124F477-5254-27BE-6270-9AD611F87DFE}.Debug|Any CPU.Build.0 = Debug|Any CPU
		{C124F477-5254-27BE-6270-9AD611F87DFE}.Release|Any CPU.ActiveCfg = Release|Any CPU
		{C124F477-5254-27BE-6270-9AD611F87DFE}.Release|Any CPU.Build.0 = Release|Any CPU
		{212037BF-E548-6FDB-4AAF-9AD3E5EE817F}.Debug|Any CPU.ActiveCfg = Debug|Any CPU
		{212037BF-E548-6FDB-4AAF-9AD3E5EE817F}.Debug|Any CPU.Build.0 = Debug|Any CPU
		{212037BF-E548-6FDB-4AAF-9AD3E5EE817F}.Release|Any CPU.ActiveCfg = Release|Any CPU
		{212037BF-E548-6FDB-4AAF-9AD3E5EE817F}.Release|Any CPU.Build.0 = Release|Any CPU
		{9B62F8BB-9482-23B8-6543-9B5296E46826}.Debug|Any CPU.ActiveCfg = Debug|Any CPU
		{9B62F8BB-9482-23B8-6543-9B5296E46826}.Debug|Any CPU.Build.0 = Debug|Any CPU
		{9B62F8BB-9482-23B8-6543-9B5296E46826}.Release|Any CPU.ActiveCfg = Release|Any CPU
		{9B62F8BB-9482-23B8-6543-9B5296E46826}.Release|Any CPU.Build.0 = Release|Any CPU
		{CC5E35D5-D9E1-67FA-5D5D-BDF38F0AD2B1}.Debug|Any CPU.ActiveCfg = Debug|Any CPU
		{CC5E35D5-D9E1-67FA-5D5D-BDF38F0AD2B1}.Debug|Any CPU.Build.0 = Debug|Any CPU
		{CC5E35D5-D9E1-67FA-5D5D-BDF38F0AD2B1}.Release|Any CPU.ActiveCfg = Release|Any CPU
		{CC5E35D5-D9E1-67FA-5D5D-BDF38F0AD2B1}.Release|Any CPU.Build.0 = Release|Any CPU
		{9E813868-F91E-D493-E390-5B256E26AF3F}.Debug|Any CPU.ActiveCfg = Debug|Any CPU
		{9E813868-F91E-D493-E390-5B256E26AF3F}.Debug|Any CPU.Build.0 = Debug|Any CPU
		{9E813868-F91E-D493-E390-5B256E26AF3F}.Release|Any CPU.ActiveCfg = Release|Any CPU
		{9E813868-F91E-D493-E390-5B256E26AF3F}.Release|Any CPU.Build.0 = Release|Any CPU
		{E825DFBA-086D-2877-0821-17FA557BB469}.Debug|Any CPU.ActiveCfg = Debug|Any CPU
		{E825DFBA-086D-2877-0821-17FA557BB469}.Debug|Any CPU.Build.0 = Debug|Any CPU
		{E825DFBA-086D-2877-0821-17FA557BB469}.Release|Any CPU.ActiveCfg = Release|Any CPU
		{E825DFBA-086D-2877-0821-17FA557BB469}.Release|Any CPU.Build.0 = Release|Any CPU
		{D361BEB5-F2B3-04F9-980E-4ACD02490721}.Debug|Any CPU.ActiveCfg = Debug|Any CPU
		{D361BEB5-F2B3-04F9-980E-4ACD02490721}.Debug|Any CPU.Build.0 = Debug|Any CPU
		{D361BEB5-F2B3-04F9-980E-4ACD02490721}.Release|Any CPU.ActiveCfg = Release|Any CPU
		{D361BEB5-F2B3-04F9-980E-4ACD02490721}.Release|Any CPU.Build.0 = Release|Any CPU
		{918ECDCE-3EEF-B8A5-1335-68C5F26FDDE6}.Debug|Any CPU.ActiveCfg = Debug|Any CPU
		{918ECDCE-3EEF-B8A5-1335-68C5F26FDDE6}.Debug|Any CPU.Build.0 = Debug|Any CPU
		{918ECDCE-3EEF-B8A5-1335-68C5F26FDDE6}.Release|Any CPU.ActiveCfg = Release|Any CPU
		{918ECDCE-3EEF-B8A5-1335-68C5F26FDDE6}.Release|Any CPU.Build.0 = Release|Any CPU
		{717F2B1E-5724-C79D-F2C8-811A886435F3}.Debug|Any CPU.ActiveCfg = Debug|Any CPU
		{717F2B1E-5724-C79D-F2C8-811A886435F3}.Debug|Any CPU.Build.0 = Debug|Any CPU
		{717F2B1E-5724-C79D-F2C8-811A886435F3}.Release|Any CPU.ActiveCfg = Release|Any CPU
		{717F2B1E-5724-C79D-F2C8-811A886435F3}.Release|Any CPU.Build.0 = Release|Any CPU
		{D04BD9F9-C08B-3644-C5CF-13E040D65F63}.Debug|Any CPU.ActiveCfg = Debug|Any CPU
		{D04BD9F9-C08B-3644-C5CF-13E040D65F63}.Debug|Any CPU.Build.0 = Debug|Any CPU
		{D04BD9F9-C08B-3644-C5CF-13E040D65F63}.Release|Any CPU.ActiveCfg = Release|Any CPU
		{D04BD9F9-C08B-3644-C5CF-13E040D65F63}.Release|Any CPU.Build.0 = Release|Any CPU
		{27C773BA-561E-32D7-0713-15874ED036F9}.Debug|Any CPU.ActiveCfg = Debug|Any CPU
		{27C773BA-561E-32D7-0713-15874ED036F9}.Debug|Any CPU.Build.0 = Debug|Any CPU
		{27C773BA-561E-32D7-0713-15874ED036F9}.Release|Any CPU.ActiveCfg = Release|Any CPU
		{27C773BA-561E-32D7-0713-15874ED036F9}.Release|Any CPU.Build.0 = Release|Any CPU
		{BACD1DDB-E295-6B00-EC3F-563DC73FDD8A}.Debug|Any CPU.ActiveCfg = Debug|Any CPU
		{BACD1DDB-E295-6B00-EC3F-563DC73FDD8A}.Debug|Any CPU.Build.0 = Debug|Any CPU
		{BACD1DDB-E295-6B00-EC3F-563DC73FDD8A}.Release|Any CPU.ActiveCfg = Release|Any CPU
		{BACD1DDB-E295-6B00-EC3F-563DC73FDD8A}.Release|Any CPU.Build.0 = Release|Any CPU
		{E07DBD31-6D56-CE81-1C11-1EF3DDDB105F}.Debug|Any CPU.ActiveCfg = Debug|Any CPU
		{E07DBD31-6D56-CE81-1C11-1EF3DDDB105F}.Debug|Any CPU.Build.0 = Debug|Any CPU
		{E07DBD31-6D56-CE81-1C11-1EF3DDDB105F}.Release|Any CPU.ActiveCfg = Release|Any CPU
		{E07DBD31-6D56-CE81-1C11-1EF3DDDB105F}.Release|Any CPU.Build.0 = Release|Any CPU
		{0EB51EB6-E2DB-6013-9273-BCC65E8F1900}.Debug|Any CPU.ActiveCfg = Debug|Any CPU
		{0EB51EB6-E2DB-6013-9273-BCC65E8F1900}.Debug|Any CPU.Build.0 = Debug|Any CPU
		{0EB51EB6-E2DB-6013-9273-BCC65E8F1900}.Release|Any CPU.ActiveCfg = Release|Any CPU
		{0EB51EB6-E2DB-6013-9273-BCC65E8F1900}.Release|Any CPU.Build.0 = Release|Any CPU
		{7A393582-7985-3992-D8FD-6962659AABFE}.Debug|Any CPU.ActiveCfg = Debug|Any CPU
		{7A393582-7985-3992-D8FD-6962659AABFE}.Debug|Any CPU.Build.0 = Debug|Any CPU
		{7A393582-7985-3992-D8FD-6962659AABFE}.Release|Any CPU.ActiveCfg = Release|Any CPU
		{7A393582-7985-3992-D8FD-6962659AABFE}.Release|Any CPU.Build.0 = Release|Any CPU
		{115546B8-CC87-C1E2-6435-306343B7852B}.Debug|Any CPU.ActiveCfg = Debug|Any CPU
		{115546B8-CC87-C1E2-6435-306343B7852B}.Debug|Any CPU.Build.0 = Debug|Any CPU
		{115546B8-CC87-C1E2-6435-306343B7852B}.Release|Any CPU.ActiveCfg = Release|Any CPU
		{115546B8-CC87-C1E2-6435-306343B7852B}.Release|Any CPU.Build.0 = Release|Any CPU
		{2C8F7FF4-4818-499D-DD48-0EB02F7AE436}.Debug|Any CPU.ActiveCfg = Debug|Any CPU
		{2C8F7FF4-4818-499D-DD48-0EB02F7AE436}.Debug|Any CPU.Build.0 = Debug|Any CPU
		{2C8F7FF4-4818-499D-DD48-0EB02F7AE436}.Release|Any CPU.ActiveCfg = Release|Any CPU
		{2C8F7FF4-4818-499D-DD48-0EB02F7AE436}.Release|Any CPU.Build.0 = Release|Any CPU
		{0CE7EC29-3048-0952-C9D6-203D8F9CBA76}.Debug|Any CPU.ActiveCfg = Debug|Any CPU
		{0CE7EC29-3048-0952-C9D6-203D8F9CBA76}.Debug|Any CPU.Build.0 = Debug|Any CPU
		{0CE7EC29-3048-0952-C9D6-203D8F9CBA76}.Release|Any CPU.ActiveCfg = Release|Any CPU
		{0CE7EC29-3048-0952-C9D6-203D8F9CBA76}.Release|Any CPU.Build.0 = Release|Any CPU
		{FC3B22FA-676C-5641-531E-4158E9EBC8F8}.Debug|Any CPU.ActiveCfg = Debug|Any CPU
		{FC3B22FA-676C-5641-531E-4158E9EBC8F8}.Debug|Any CPU.Build.0 = Debug|Any CPU
		{FC3B22FA-676C-5641-531E-4158E9EBC8F8}.Release|Any CPU.ActiveCfg = Release|Any CPU
		{FC3B22FA-676C-5641-531E-4158E9EBC8F8}.Release|Any CPU.Build.0 = Release|Any CPU
		{395AC973-044D-339C-5A34-FFED7340B530}.Debug|Any CPU.ActiveCfg = Debug|Any CPU
		{395AC973-044D-339C-5A34-FFED7340B530}.Debug|Any CPU.Build.0 = Debug|Any CPU
		{395AC973-044D-339C-5A34-FFED7340B530}.Release|Any CPU.ActiveCfg = Release|Any CPU
		{395AC973-044D-339C-5A34-FFED7340B530}.Release|Any CPU.Build.0 = Release|Any CPU
		{3BD67EBB-2579-C101-DDA0-CC44EDD212A1}.Debug|Any CPU.ActiveCfg = Debug|Any CPU
		{3BD67EBB-2579-C101-DDA0-CC44EDD212A1}.Debug|Any CPU.Build.0 = Debug|Any CPU
		{3BD67EBB-2579-C101-DDA0-CC44EDD212A1}.Release|Any CPU.ActiveCfg = Release|Any CPU
		{3BD67EBB-2579-C101-DDA0-CC44EDD212A1}.Release|Any CPU.Build.0 = Release|Any CPU
		{87B219AA-B4C7-7DF3-E122-5A7679B9AFCC}.Debug|Any CPU.ActiveCfg = Debug|Any CPU
		{87B219AA-B4C7-7DF3-E122-5A7679B9AFCC}.Debug|Any CPU.Build.0 = Debug|Any CPU
		{87B219AA-B4C7-7DF3-E122-5A7679B9AFCC}.Release|Any CPU.ActiveCfg = Release|Any CPU
		{87B219AA-B4C7-7DF3-E122-5A7679B9AFCC}.Release|Any CPU.Build.0 = Release|Any CPU
		{5080783B-9070-94E2-74F4-2991E6F521F5}.Debug|Any CPU.ActiveCfg = Debug|Any CPU
		{5080783B-9070-94E2-74F4-2991E6F521F5}.Debug|Any CPU.Build.0 = Debug|Any CPU
		{5080783B-9070-94E2-74F4-2991E6F521F5}.Release|Any CPU.ActiveCfg = Release|Any CPU
		{5080783B-9070-94E2-74F4-2991E6F521F5}.Release|Any CPU.Build.0 = Release|Any CPU
		{0D0407F6-128C-5C3B-1B38-0447EC36A9CE}.Debug|Any CPU.ActiveCfg = Debug|Any CPU
		{0D0407F6-128C-5C3B-1B38-0447EC36A9CE}.Debug|Any CPU.Build.0 = Debug|Any CPU
		{0D0407F6-128C-5C3B-1B38-0447EC36A9CE}.Release|Any CPU.ActiveCfg = Release|Any CPU
		{0D0407F6-128C-5C3B-1B38-0447EC36A9CE}.Release|Any CPU.Build.0 = Release|Any CPU
		{007B61ED-3D4F-82BB-8D2A-1E96DBAE1FBA}.Debug|Any CPU.ActiveCfg = Debug|Any CPU
		{007B61ED-3D4F-82BB-8D2A-1E96DBAE1FBA}.Debug|Any CPU.Build.0 = Debug|Any CPU
		{007B61ED-3D4F-82BB-8D2A-1E96DBAE1FBA}.Release|Any CPU.ActiveCfg = Release|Any CPU
		{007B61ED-3D4F-82BB-8D2A-1E96DBAE1FBA}.Release|Any CPU.Build.0 = Release|Any CPU
		{FF1F6030-1AC5-8E9C-152E-0C8B41ABEB8C}.Debug|Any CPU.ActiveCfg = Debug|Any CPU
		{FF1F6030-1AC5-8E9C-152E-0C8B41ABEB8C}.Debug|Any CPU.Build.0 = Debug|Any CPU
		{FF1F6030-1AC5-8E9C-152E-0C8B41ABEB8C}.Release|Any CPU.ActiveCfg = Release|Any CPU
		{FF1F6030-1AC5-8E9C-152E-0C8B41ABEB8C}.Release|Any CPU.Build.0 = Release|Any CPU
		{71B87B12-1B6C-56A4-1CA3-87322E414CD9}.Debug|Any CPU.ActiveCfg = Debug|Any CPU
		{71B87B12-1B6C-56A4-1CA3-87322E414CD9}.Debug|Any CPU.Build.0 = Debug|Any CPU
		{71B87B12-1B6C-56A4-1CA3-87322E414CD9}.Release|Any CPU.ActiveCfg = Release|Any CPU
		{71B87B12-1B6C-56A4-1CA3-87322E414CD9}.Release|Any CPU.Build.0 = Release|Any CPU
		{6FB5C239-811E-B388-0DB5-927EC02D0A10}.Debug|Any CPU.ActiveCfg = Debug|Any CPU
		{6FB5C239-811E-B388-0DB5-927EC02D0A10}.Debug|Any CPU.Build.0 = Debug|Any CPU
		{6FB5C239-811E-B388-0DB5-927EC02D0A10}.Release|Any CPU.ActiveCfg = Release|Any CPU
		{6FB5C239-811E-B388-0DB5-927EC02D0A10}.Release|Any CPU.Build.0 = Release|Any CPU
		{8C3184C3-2325-3F15-99A7-848D78430995}.Debug|Any CPU.ActiveCfg = Debug|Any CPU
		{8C3184C3-2325-3F15-99A7-848D78430995}.Debug|Any CPU.Build.0 = Debug|Any CPU
		{8C3184C3-2325-3F15-99A7-848D78430995}.Release|Any CPU.ActiveCfg = Release|Any CPU
		{8C3184C3-2325-3F15-99A7-848D78430995}.Release|Any CPU.Build.0 = Release|Any CPU
		{76309B4F-ABBA-7A62-9A81-F43B500ED7D8}.Debug|Any CPU.ActiveCfg = Debug|Any CPU
		{76309B4F-ABBA-7A62-9A81-F43B500ED7D8}.Debug|Any CPU.Build.0 = Debug|Any CPU
		{76309B4F-ABBA-7A62-9A81-F43B500ED7D8}.Release|Any CPU.ActiveCfg = Release|Any CPU
		{76309B4F-ABBA-7A62-9A81-F43B500ED7D8}.Release|Any CPU.Build.0 = Release|Any CPU
		{198CC240-C335-1849-C882-D5A933E8081B}.Debug|Any CPU.ActiveCfg = Debug|Any CPU
		{198CC240-C335-1849-C882-D5A933E8081B}.Debug|Any CPU.Build.0 = Debug|Any CPU
		{198CC240-C335-1849-C882-D5A933E8081B}.Release|Any CPU.ActiveCfg = Release|Any CPU
		{198CC240-C335-1849-C882-D5A933E8081B}.Release|Any CPU.Build.0 = Release|Any CPU
		{7FEA438F-8958-7960-0449-ACA776EFA017}.Debug|Any CPU.ActiveCfg = Debug|Any CPU
		{7FEA438F-8958-7960-0449-ACA776EFA017}.Debug|Any CPU.Build.0 = Debug|Any CPU
		{7FEA438F-8958-7960-0449-ACA776EFA017}.Release|Any CPU.ActiveCfg = Release|Any CPU
		{7FEA438F-8958-7960-0449-ACA776EFA017}.Release|Any CPU.Build.0 = Release|Any CPU
		{06C5EC0D-0A58-CBC6-1E77-A64A3B55C7D6}.Debug|Any CPU.ActiveCfg = Debug|Any CPU
		{06C5EC0D-0A58-CBC6-1E77-A64A3B55C7D6}.Debug|Any CPU.Build.0 = Debug|Any CPU
		{06C5EC0D-0A58-CBC6-1E77-A64A3B55C7D6}.Release|Any CPU.ActiveCfg = Release|Any CPU
		{06C5EC0D-0A58-CBC6-1E77-A64A3B55C7D6}.Release|Any CPU.Build.0 = Release|Any CPU
		{FEF9B8B8-C50B-AB0B-53D9-CD9B864D1EC0}.Debug|Any CPU.ActiveCfg = Debug|Any CPU
		{FEF9B8B8-C50B-AB0B-53D9-CD9B864D1EC0}.Debug|Any CPU.Build.0 = Debug|Any CPU
		{FEF9B8B8-C50B-AB0B-53D9-CD9B864D1EC0}.Release|Any CPU.ActiveCfg = Release|Any CPU
		{FEF9B8B8-C50B-AB0B-53D9-CD9B864D1EC0}.Release|Any CPU.Build.0 = Release|Any CPU
		{99107DF2-CEFC-0F74-FC88-443D173FB52C}.Debug|Any CPU.ActiveCfg = Debug|Any CPU
		{99107DF2-CEFC-0F74-FC88-443D173FB52C}.Debug|Any CPU.Build.0 = Debug|Any CPU
		{99107DF2-CEFC-0F74-FC88-443D173FB52C}.Release|Any CPU.ActiveCfg = Release|Any CPU
		{99107DF2-CEFC-0F74-FC88-443D173FB52C}.Release|Any CPU.Build.0 = Release|Any CPU
		{1AE0C155-3FE2-8FF1-765E-0BC5B73D2665}.Debug|Any CPU.ActiveCfg = Debug|Any CPU
		{1AE0C155-3FE2-8FF1-765E-0BC5B73D2665}.Debug|Any CPU.Build.0 = Debug|Any CPU
		{1AE0C155-3FE2-8FF1-765E-0BC5B73D2665}.Release|Any CPU.ActiveCfg = Release|Any CPU
		{1AE0C155-3FE2-8FF1-765E-0BC5B73D2665}.Release|Any CPU.Build.0 = Release|Any CPU
		{7B523A7E-4AD3-0847-8675-FEDD23FC3F83}.Debug|Any CPU.ActiveCfg = Debug|Any CPU
		{7B523A7E-4AD3-0847-8675-FEDD23FC3F83}.Debug|Any CPU.Build.0 = Debug|Any CPU
		{7B523A7E-4AD3-0847-8675-FEDD23FC3F83}.Release|Any CPU.ActiveCfg = Release|Any CPU
		{7B523A7E-4AD3-0847-8675-FEDD23FC3F83}.Release|Any CPU.Build.0 = Release|Any CPU
		{DDEE1FD6-06C0-8FBA-69FF-45F19965DDE8}.Debug|Any CPU.ActiveCfg = Debug|Any CPU
		{DDEE1FD6-06C0-8FBA-69FF-45F19965DDE8}.Debug|Any CPU.Build.0 = Debug|Any CPU
		{DDEE1FD6-06C0-8FBA-69FF-45F19965DDE8}.Release|Any CPU.ActiveCfg = Release|Any CPU
		{DDEE1FD6-06C0-8FBA-69FF-45F19965DDE8}.Release|Any CPU.Build.0 = Release|Any CPU
		{2A5484A3-5D98-D538-ABC7-2D5DEA5229E3}.Debug|Any CPU.ActiveCfg = Debug|Any CPU
		{2A5484A3-5D98-D538-ABC7-2D5DEA5229E3}.Debug|Any CPU.Build.0 = Debug|Any CPU
		{2A5484A3-5D98-D538-ABC7-2D5DEA5229E3}.Release|Any CPU.ActiveCfg = Release|Any CPU
		{2A5484A3-5D98-D538-ABC7-2D5DEA5229E3}.Release|Any CPU.Build.0 = Release|Any CPU
		{57BCDABA-B1A5-BDBF-C7C8-5AD489DD4868}.Debug|Any CPU.ActiveCfg = Debug|Any CPU
		{57BCDABA-B1A5-BDBF-C7C8-5AD489DD4868}.Debug|Any CPU.Build.0 = Debug|Any CPU
		{57BCDABA-B1A5-BDBF-C7C8-5AD489DD4868}.Release|Any CPU.ActiveCfg = Release|Any CPU
		{57BCDABA-B1A5-BDBF-C7C8-5AD489DD4868}.Release|Any CPU.Build.0 = Release|Any CPU
		{F0CD6592-6A54-0F44-F603-497846B291C6}.Debug|Any CPU.ActiveCfg = Debug|Any CPU
		{F0CD6592-6A54-0F44-F603-497846B291C6}.Debug|Any CPU.Build.0 = Debug|Any CPU
		{F0CD6592-6A54-0F44-F603-497846B291C6}.Release|Any CPU.ActiveCfg = Release|Any CPU
		{F0CD6592-6A54-0F44-F603-497846B291C6}.Release|Any CPU.Build.0 = Release|Any CPU
		{2E567497-9182-8721-5E97-49A31E9B5CF6}.Debug|Any CPU.ActiveCfg = Debug|Any CPU
		{2E567497-9182-8721-5E97-49A31E9B5CF6}.Debug|Any CPU.Build.0 = Debug|Any CPU
		{2E567497-9182-8721-5E97-49A31E9B5CF6}.Release|Any CPU.ActiveCfg = Release|Any CPU
		{2E567497-9182-8721-5E97-49A31E9B5CF6}.Release|Any CPU.Build.0 = Release|Any CPU
		{370F8401-3782-5408-BACC-24E9762FEBDC}.Debug|Any CPU.ActiveCfg = Debug|Any CPU
		{370F8401-3782-5408-BACC-24E9762FEBDC}.Debug|Any CPU.Build.0 = Debug|Any CPU
		{370F8401-3782-5408-BACC-24E9762FEBDC}.Release|Any CPU.ActiveCfg = Release|Any CPU
		{370F8401-3782-5408-BACC-24E9762FEBDC}.Release|Any CPU.Build.0 = Release|Any CPU
		{0ABA9C1B-4BFC-4C48-6B0F-EFA937D652CD}.Debug|Any CPU.ActiveCfg = Debug|Any CPU
		{0ABA9C1B-4BFC-4C48-6B0F-EFA937D652CD}.Debug|Any CPU.Build.0 = Debug|Any CPU
		{0ABA9C1B-4BFC-4C48-6B0F-EFA937D652CD}.Release|Any CPU.ActiveCfg = Release|Any CPU
		{0ABA9C1B-4BFC-4C48-6B0F-EFA937D652CD}.Release|Any CPU.Build.0 = Release|Any CPU
		{5324ACA5-76CF-999F-950A-01AA83D3E37A}.Debug|Any CPU.ActiveCfg = Debug|Any CPU
		{5324ACA5-76CF-999F-950A-01AA83D3E37A}.Debug|Any CPU.Build.0 = Debug|Any CPU
		{5324ACA5-76CF-999F-950A-01AA83D3E37A}.Release|Any CPU.ActiveCfg = Release|Any CPU
		{5324ACA5-76CF-999F-950A-01AA83D3E37A}.Release|Any CPU.Build.0 = Release|Any CPU
		{1173238C-D024-5CE8-4036-C29A2014B32C}.Debug|Any CPU.ActiveCfg = Debug|Any CPU
		{1173238C-D024-5CE8-4036-C29A2014B32C}.Debug|Any CPU.Build.0 = Debug|Any CPU
		{1173238C-D024-5CE8-4036-C29A2014B32C}.Release|Any CPU.ActiveCfg = Release|Any CPU
		{1173238C-D024-5CE8-4036-C29A2014B32C}.Release|Any CPU.Build.0 = Release|Any CPU
		{D258C573-F2ED-2157-9397-B37027578FEE}.Debug|Any CPU.ActiveCfg = Debug|Any CPU
		{D258C573-F2ED-2157-9397-B37027578FEE}.Debug|Any CPU.Build.0 = Debug|Any CPU
		{D258C573-F2ED-2157-9397-B37027578FEE}.Release|Any CPU.ActiveCfg = Release|Any CPU
		{D258C573-F2ED-2157-9397-B37027578FEE}.Release|Any CPU.Build.0 = Release|Any CPU
		{3442FEB6-C7A5-5938-4932-00AC3BDFAD21}.Debug|Any CPU.ActiveCfg = Debug|Any CPU
		{3442FEB6-C7A5-5938-4932-00AC3BDFAD21}.Debug|Any CPU.Build.0 = Debug|Any CPU
		{3442FEB6-C7A5-5938-4932-00AC3BDFAD21}.Release|Any CPU.ActiveCfg = Release|Any CPU
		{3442FEB6-C7A5-5938-4932-00AC3BDFAD21}.Release|Any CPU.Build.0 = Release|Any CPU
		{D4D6B5D2-CAAC-C2FC-EAF3-5F5C5993E860}.Debug|Any CPU.ActiveCfg = Debug|Any CPU
		{D4D6B5D2-CAAC-C2FC-EAF3-5F5C5993E860}.Debug|Any CPU.Build.0 = Debug|Any CPU
		{D4D6B5D2-CAAC-C2FC-EAF3-5F5C5993E860}.Release|Any CPU.ActiveCfg = Release|Any CPU
		{D4D6B5D2-CAAC-C2FC-EAF3-5F5C5993E860}.Release|Any CPU.Build.0 = Release|Any CPU
		{8A9D0C33-F658-3E3E-BE79-713EA7F2507F}.Debug|Any CPU.ActiveCfg = Debug|Any CPU
		{8A9D0C33-F658-3E3E-BE79-713EA7F2507F}.Debug|Any CPU.Build.0 = Debug|Any CPU
		{8A9D0C33-F658-3E3E-BE79-713EA7F2507F}.Release|Any CPU.ActiveCfg = Release|Any CPU
		{8A9D0C33-F658-3E3E-BE79-713EA7F2507F}.Release|Any CPU.Build.0 = Release|Any CPU
		{31ADA223-F274-C6BE-0635-6B89998B1735}.Debug|Any CPU.ActiveCfg = Debug|Any CPU
		{31ADA223-F274-C6BE-0635-6B89998B1735}.Debug|Any CPU.Build.0 = Debug|Any CPU
		{31ADA223-F274-C6BE-0635-6B89998B1735}.Release|Any CPU.ActiveCfg = Release|Any CPU
		{31ADA223-F274-C6BE-0635-6B89998B1735}.Release|Any CPU.Build.0 = Release|Any CPU
		{507D9BBE-B3E8-36CE-2863-C51024F45FCE}.Debug|Any CPU.ActiveCfg = Debug|Any CPU
		{507D9BBE-B3E8-36CE-2863-C51024F45FCE}.Debug|Any CPU.Build.0 = Debug|Any CPU
		{507D9BBE-B3E8-36CE-2863-C51024F45FCE}.Release|Any CPU.ActiveCfg = Release|Any CPU
		{507D9BBE-B3E8-36CE-2863-C51024F45FCE}.Release|Any CPU.Build.0 = Release|Any CPU
		{EDD6BB6D-1E59-FD3D-2217-B54897581FAD}.Debug|Any CPU.ActiveCfg = Debug|Any CPU
		{EDD6BB6D-1E59-FD3D-2217-B54897581FAD}.Debug|Any CPU.Build.0 = Debug|Any CPU
		{EDD6BB6D-1E59-FD3D-2217-B54897581FAD}.Release|Any CPU.ActiveCfg = Release|Any CPU
		{EDD6BB6D-1E59-FD3D-2217-B54897581FAD}.Release|Any CPU.Build.0 = Release|Any CPU
		{446F0E55-3716-BC16-515D-819C5830598B}.Debug|Any CPU.ActiveCfg = Debug|Any CPU
		{446F0E55-3716-BC16-515D-819C5830598B}.Debug|Any CPU.Build.0 = Debug|Any CPU
		{446F0E55-3716-BC16-515D-819C5830598B}.Release|Any CPU.ActiveCfg = Release|Any CPU
		{446F0E55-3716-BC16-515D-819C5830598B}.Release|Any CPU.Build.0 = Release|Any CPU
		{9BBEDE5C-851D-AFDB-AAEA-F2C7C1928912}.Debug|Any CPU.ActiveCfg = Debug|Any CPU
		{9BBEDE5C-851D-AFDB-AAEA-F2C7C1928912}.Debug|Any CPU.Build.0 = Debug|Any CPU
		{9BBEDE5C-851D-AFDB-AAEA-F2C7C1928912}.Release|Any CPU.ActiveCfg = Release|Any CPU
		{9BBEDE5C-851D-AFDB-AAEA-F2C7C1928912}.Release|Any CPU.Build.0 = Release|Any CPU
		{68D80035-7C12-D101-6FC2-3DE5CB8D4784}.Debug|Any CPU.ActiveCfg = Debug|Any CPU
		{68D80035-7C12-D101-6FC2-3DE5CB8D4784}.Debug|Any CPU.Build.0 = Debug|Any CPU
		{68D80035-7C12-D101-6FC2-3DE5CB8D4784}.Release|Any CPU.ActiveCfg = Release|Any CPU
		{68D80035-7C12-D101-6FC2-3DE5CB8D4784}.Release|Any CPU.Build.0 = Release|Any CPU
		{FCAD9E53-196C-3749-353B-3A5F2CFA8EC8}.Debug|Any CPU.ActiveCfg = Debug|Any CPU
		{FCAD9E53-196C-3749-353B-3A5F2CFA8EC8}.Debug|Any CPU.Build.0 = Debug|Any CPU
		{FCAD9E53-196C-3749-353B-3A5F2CFA8EC8}.Release|Any CPU.ActiveCfg = Release|Any CPU
		{FCAD9E53-196C-3749-353B-3A5F2CFA8EC8}.Release|Any CPU.Build.0 = Release|Any CPU
		{069504B7-4493-68DC-E4C8-9180C3A68015}.Debug|Any CPU.ActiveCfg = Debug|Any CPU
		{069504B7-4493-68DC-E4C8-9180C3A68015}.Debug|Any CPU.Build.0 = Debug|Any CPU
		{069504B7-4493-68DC-E4C8-9180C3A68015}.Release|Any CPU.ActiveCfg = Release|Any CPU
		{069504B7-4493-68DC-E4C8-9180C3A68015}.Release|Any CPU.Build.0 = Release|Any CPU
		{B14E9F82-3BF6-C0F4-3517-C85D0A4C5469}.Debug|Any CPU.ActiveCfg = Debug|Any CPU
		{B14E9F82-3BF6-C0F4-3517-C85D0A4C5469}.Debug|Any CPU.Build.0 = Debug|Any CPU
		{B14E9F82-3BF6-C0F4-3517-C85D0A4C5469}.Release|Any CPU.ActiveCfg = Release|Any CPU
		{B14E9F82-3BF6-C0F4-3517-C85D0A4C5469}.Release|Any CPU.Build.0 = Release|Any CPU
		{9576E135-C44B-69FB-EB2B-95BFF084FE71}.Debug|Any CPU.ActiveCfg = Debug|Any CPU
		{9576E135-C44B-69FB-EB2B-95BFF084FE71}.Debug|Any CPU.Build.0 = Debug|Any CPU
		{9576E135-C44B-69FB-EB2B-95BFF084FE71}.Release|Any CPU.ActiveCfg = Release|Any CPU
		{9576E135-C44B-69FB-EB2B-95BFF084FE71}.Release|Any CPU.Build.0 = Release|Any CPU
		{92093C29-8A6A-F836-FF9D-9439FF888EB6}.Debug|Any CPU.ActiveCfg = Debug|Any CPU
		{92093C29-8A6A-F836-FF9D-9439FF888EB6}.Debug|Any CPU.Build.0 = Debug|Any CPU
		{92093C29-8A6A-F836-FF9D-9439FF888EB6}.Release|Any CPU.ActiveCfg = Release|Any CPU
		{92093C29-8A6A-F836-FF9D-9439FF888EB6}.Release|Any CPU.Build.0 = Release|Any CPU
		{D9BF0323-480E-887C-BCB3-E927F912E5AA}.Debug|Any CPU.ActiveCfg = Debug|Any CPU
		{D9BF0323-480E-887C-BCB3-E927F912E5AA}.Debug|Any CPU.Build.0 = Debug|Any CPU
		{D9BF0323-480E-887C-BCB3-E927F912E5AA}.Release|Any CPU.ActiveCfg = Release|Any CPU
		{D9BF0323-480E-887C-BCB3-E927F912E5AA}.Release|Any CPU.Build.0 = Release|Any CPU
		{E11211A3-C6B9-B94B-2B12-0D63CA2CAB9C}.Debug|Any CPU.ActiveCfg = Debug|Any CPU
		{E11211A3-C6B9-B94B-2B12-0D63CA2CAB9C}.Debug|Any CPU.Build.0 = Debug|Any CPU
		{E11211A3-C6B9-B94B-2B12-0D63CA2CAB9C}.Release|Any CPU.ActiveCfg = Release|Any CPU
		{E11211A3-C6B9-B94B-2B12-0D63CA2CAB9C}.Release|Any CPU.Build.0 = Release|Any CPU
		{E9DF6D88-BB5D-F08C-5FB8-E11447E3BEEF}.Debug|Any CPU.ActiveCfg = Debug|Any CPU
		{E9DF6D88-BB5D-F08C-5FB8-E11447E3BEEF}.Debug|Any CPU.Build.0 = Debug|Any CPU
		{E9DF6D88-BB5D-F08C-5FB8-E11447E3BEEF}.Release|Any CPU.ActiveCfg = Release|Any CPU
		{E9DF6D88-BB5D-F08C-5FB8-E11447E3BEEF}.Release|Any CPU.Build.0 = Release|Any CPU
		{614B4D8E-2A6B-AB2A-A16B-2CAC3141D2D3}.Debug|Any CPU.ActiveCfg = Debug|Any CPU
		{614B4D8E-2A6B-AB2A-A16B-2CAC3141D2D3}.Debug|Any CPU.Build.0 = Debug|Any CPU
		{614B4D8E-2A6B-AB2A-A16B-2CAC3141D2D3}.Release|Any CPU.ActiveCfg = Release|Any CPU
		{614B4D8E-2A6B-AB2A-A16B-2CAC3141D2D3}.Release|Any CPU.Build.0 = Release|Any CPU
		{9A025F00-B1C5-329F-7BEC-84D7672DDA4C}.Debug|Any CPU.ActiveCfg = Debug|Any CPU
		{9A025F00-B1C5-329F-7BEC-84D7672DDA4C}.Debug|Any CPU.Build.0 = Debug|Any CPU
		{9A025F00-B1C5-329F-7BEC-84D7672DDA4C}.Release|Any CPU.ActiveCfg = Release|Any CPU
		{9A025F00-B1C5-329F-7BEC-84D7672DDA4C}.Release|Any CPU.Build.0 = Release|Any CPU
		{E05CE8F2-2888-C3FC-A055-EABDA5B82DA8}.Debug|Any CPU.ActiveCfg = Debug|Any CPU
		{E05CE8F2-2888-C3FC-A055-EABDA5B82DA8}.Debug|Any CPU.Build.0 = Debug|Any CPU
		{E05CE8F2-2888-C3FC-A055-EABDA5B82DA8}.Release|Any CPU.ActiveCfg = Release|Any CPU
		{E05CE8F2-2888-C3FC-A055-EABDA5B82DA8}.Release|Any CPU.Build.0 = Release|Any CPU
		{E2F42524-684F-B373-8BC9-21C1E9C5525B}.Debug|Any CPU.ActiveCfg = Debug|Any CPU
		{E2F42524-684F-B373-8BC9-21C1E9C5525B}.Debug|Any CPU.Build.0 = Debug|Any CPU
		{E2F42524-684F-B373-8BC9-21C1E9C5525B}.Release|Any CPU.ActiveCfg = Release|Any CPU
		{E2F42524-684F-B373-8BC9-21C1E9C5525B}.Release|Any CPU.Build.0 = Release|Any CPU
		{6B061C09-DF66-97EA-02E1-15A0C1AE5870}.Debug|Any CPU.ActiveCfg = Debug|Any CPU
		{6B061C09-DF66-97EA-02E1-15A0C1AE5870}.Debug|Any CPU.Build.0 = Debug|Any CPU
		{6B061C09-DF66-97EA-02E1-15A0C1AE5870}.Release|Any CPU.ActiveCfg = Release|Any CPU
		{6B061C09-DF66-97EA-02E1-15A0C1AE5870}.Release|Any CPU.Build.0 = Release|Any CPU
		{6E260A9B-A04A-101E-8ECE-037097EF6063}.Debug|Any CPU.ActiveCfg = Debug|Any CPU
		{6E260A9B-A04A-101E-8ECE-037097EF6063}.Debug|Any CPU.Build.0 = Debug|Any CPU
		{6E260A9B-A04A-101E-8ECE-037097EF6063}.Release|Any CPU.ActiveCfg = Release|Any CPU
		{6E260A9B-A04A-101E-8ECE-037097EF6063}.Release|Any CPU.Build.0 = Release|Any CPU
		{BF4AAB1F-E397-7BEC-36F1-D68B9AE8E77C}.Debug|Any CPU.ActiveCfg = Debug|Any CPU
		{BF4AAB1F-E397-7BEC-36F1-D68B9AE8E77C}.Debug|Any CPU.Build.0 = Debug|Any CPU
		{BF4AAB1F-E397-7BEC-36F1-D68B9AE8E77C}.Release|Any CPU.ActiveCfg = Release|Any CPU
		{BF4AAB1F-E397-7BEC-36F1-D68B9AE8E77C}.Release|Any CPU.Build.0 = Release|Any CPU
		{97A33EDF-4722-5F71-48C7-E4D6956AE325}.Debug|Any CPU.ActiveCfg = Debug|Any CPU
		{97A33EDF-4722-5F71-48C7-E4D6956AE325}.Debug|Any CPU.Build.0 = Debug|Any CPU
		{97A33EDF-4722-5F71-48C7-E4D6956AE325}.Release|Any CPU.ActiveCfg = Release|Any CPU
		{97A33EDF-4722-5F71-48C7-E4D6956AE325}.Release|Any CPU.Build.0 = Release|Any CPU
		{B4B47C61-AEAD-9147-4BCD-8CB92DC2D168}.Debug|Any CPU.ActiveCfg = Debug|Any CPU
		{B4B47C61-AEAD-9147-4BCD-8CB92DC2D168}.Debug|Any CPU.Build.0 = Debug|Any CPU
		{B4B47C61-AEAD-9147-4BCD-8CB92DC2D168}.Release|Any CPU.ActiveCfg = Release|Any CPU
		{B4B47C61-AEAD-9147-4BCD-8CB92DC2D168}.Release|Any CPU.Build.0 = Release|Any CPU
		{83E0C60A-FB83-3461-D759-DDA981C10E73}.Debug|Any CPU.ActiveCfg = Debug|Any CPU
		{83E0C60A-FB83-3461-D759-DDA981C10E73}.Debug|Any CPU.Build.0 = Debug|Any CPU
		{83E0C60A-FB83-3461-D759-DDA981C10E73}.Release|Any CPU.ActiveCfg = Release|Any CPU
		{83E0C60A-FB83-3461-D759-DDA981C10E73}.Release|Any CPU.Build.0 = Release|Any CPU
		{376A7B96-9F1A-6C19-4CA7-85A6F4D75B6E}.Debug|Any CPU.ActiveCfg = Debug|Any CPU
		{376A7B96-9F1A-6C19-4CA7-85A6F4D75B6E}.Debug|Any CPU.Build.0 = Debug|Any CPU
		{376A7B96-9F1A-6C19-4CA7-85A6F4D75B6E}.Release|Any CPU.ActiveCfg = Release|Any CPU
		{376A7B96-9F1A-6C19-4CA7-85A6F4D75B6E}.Release|Any CPU.Build.0 = Release|Any CPU
		{D5D2BED7-E550-3AAC-EF5A-0BDDA6763EB4}.Debug|Any CPU.ActiveCfg = Debug|Any CPU
		{D5D2BED7-E550-3AAC-EF5A-0BDDA6763EB4}.Debug|Any CPU.Build.0 = Debug|Any CPU
		{D5D2BED7-E550-3AAC-EF5A-0BDDA6763EB4}.Release|Any CPU.ActiveCfg = Release|Any CPU
		{D5D2BED7-E550-3AAC-EF5A-0BDDA6763EB4}.Release|Any CPU.Build.0 = Release|Any CPU
		{7457658C-EAD9-392C-34CF-F15AC9076990}.Debug|Any CPU.ActiveCfg = Debug|Any CPU
		{7457658C-EAD9-392C-34CF-F15AC9076990}.Debug|Any CPU.Build.0 = Debug|Any CPU
		{7457658C-EAD9-392C-34CF-F15AC9076990}.Release|Any CPU.ActiveCfg = Release|Any CPU
		{7457658C-EAD9-392C-34CF-F15AC9076990}.Release|Any CPU.Build.0 = Release|Any CPU
		{C8467439-A200-5F86-A158-D28DA052C6EA}.Debug|Any CPU.ActiveCfg = Debug|Any CPU
		{C8467439-A200-5F86-A158-D28DA052C6EA}.Debug|Any CPU.Build.0 = Debug|Any CPU
		{C8467439-A200-5F86-A158-D28DA052C6EA}.Release|Any CPU.ActiveCfg = Release|Any CPU
		{C8467439-A200-5F86-A158-D28DA052C6EA}.Release|Any CPU.Build.0 = Release|Any CPU
		{FF94A4D3-9FE6-68E2-7F0C-7B62D433C393}.Debug|Any CPU.ActiveCfg = Debug|Any CPU
		{FF94A4D3-9FE6-68E2-7F0C-7B62D433C393}.Debug|Any CPU.Build.0 = Debug|Any CPU
		{FF94A4D3-9FE6-68E2-7F0C-7B62D433C393}.Release|Any CPU.ActiveCfg = Release|Any CPU
		{FF94A4D3-9FE6-68E2-7F0C-7B62D433C393}.Release|Any CPU.Build.0 = Release|Any CPU
		{5CD946CF-A8C1-DE30-A750-45E597FA48E5}.Debug|Any CPU.ActiveCfg = Debug|Any CPU
		{5CD946CF-A8C1-DE30-A750-45E597FA48E5}.Debug|Any CPU.Build.0 = Debug|Any CPU
		{5CD946CF-A8C1-DE30-A750-45E597FA48E5}.Release|Any CPU.ActiveCfg = Release|Any CPU
		{5CD946CF-A8C1-DE30-A750-45E597FA48E5}.Release|Any CPU.Build.0 = Release|Any CPU
		{B683EC49-902E-8B5A-9E5D-C419B8060C63}.Debug|Any CPU.ActiveCfg = Debug|Any CPU
		{B683EC49-902E-8B5A-9E5D-C419B8060C63}.Debug|Any CPU.Build.0 = Debug|Any CPU
		{B683EC49-902E-8B5A-9E5D-C419B8060C63}.Release|Any CPU.ActiveCfg = Release|Any CPU
		{B683EC49-902E-8B5A-9E5D-C419B8060C63}.Release|Any CPU.Build.0 = Release|Any CPU
		{6317804E-0A2F-2BB4-8438-84433C09A693}.Debug|Any CPU.ActiveCfg = Debug|Any CPU
		{6317804E-0A2F-2BB4-8438-84433C09A693}.Debug|Any CPU.Build.0 = Debug|Any CPU
		{6317804E-0A2F-2BB4-8438-84433C09A693}.Release|Any CPU.ActiveCfg = Release|Any CPU
		{6317804E-0A2F-2BB4-8438-84433C09A693}.Release|Any CPU.Build.0 = Release|Any CPU
		{4DBE308C-E151-510C-1B4E-4F76762A31A1}.Debug|Any CPU.ActiveCfg = Debug|Any CPU
		{4DBE308C-E151-510C-1B4E-4F76762A31A1}.Debug|Any CPU.Build.0 = Debug|Any CPU
		{4DBE308C-E151-510C-1B4E-4F76762A31A1}.Release|Any CPU.ActiveCfg = Release|Any CPU
		{4DBE308C-E151-510C-1B4E-4F76762A31A1}.Release|Any CPU.Build.0 = Release|Any CPU
		{E76D8743-0E0B-95A9-8391-EC0330426FD1}.Debug|Any CPU.ActiveCfg = Debug|Any CPU
		{E76D8743-0E0B-95A9-8391-EC0330426FD1}.Debug|Any CPU.Build.0 = Debug|Any CPU
		{E76D8743-0E0B-95A9-8391-EC0330426FD1}.Release|Any CPU.ActiveCfg = Release|Any CPU
		{E76D8743-0E0B-95A9-8391-EC0330426FD1}.Release|Any CPU.Build.0 = Release|Any CPU
		{C8421883-49B8-2B37-3F01-514CEB82C415}.Debug|Any CPU.ActiveCfg = Debug|Any CPU
		{C8421883-49B8-2B37-3F01-514CEB82C415}.Debug|Any CPU.Build.0 = Debug|Any CPU
		{C8421883-49B8-2B37-3F01-514CEB82C415}.Release|Any CPU.ActiveCfg = Release|Any CPU
		{C8421883-49B8-2B37-3F01-514CEB82C415}.Release|Any CPU.Build.0 = Release|Any CPU
		{7390C8F6-29A7-4226-A8DF-F7F4B2927063}.Debug|Any CPU.ActiveCfg = Debug|Any CPU
		{7390C8F6-29A7-4226-A8DF-F7F4B2927063}.Debug|Any CPU.Build.0 = Debug|Any CPU
		{7390C8F6-29A7-4226-A8DF-F7F4B2927063}.Release|Any CPU.ActiveCfg = Release|Any CPU
		{7390C8F6-29A7-4226-A8DF-F7F4B2927063}.Release|Any CPU.Build.0 = Release|Any CPU
		{6DD5D67C-0895-4818-5B65-C83900C13BAB}.Debug|Any CPU.ActiveCfg = Debug|Any CPU
		{6DD5D67C-0895-4818-5B65-C83900C13BAB}.Debug|Any CPU.Build.0 = Debug|Any CPU
		{6DD5D67C-0895-4818-5B65-C83900C13BAB}.Release|Any CPU.ActiveCfg = Release|Any CPU
		{6DD5D67C-0895-4818-5B65-C83900C13BAB}.Release|Any CPU.Build.0 = Release|Any CPU
		{570C3012-D6DC-7745-D201-3CC6E5D6C327}.Debug|Any CPU.ActiveCfg = Debug|Any CPU
		{570C3012-D6DC-7745-D201-3CC6E5D6C327}.Debug|Any CPU.Build.0 = Debug|Any CPU
		{570C3012-D6DC-7745-D201-3CC6E5D6C327}.Release|Any CPU.ActiveCfg = Release|Any CPU
		{570C3012-D6DC-7745-D201-3CC6E5D6C327}.Release|Any CPU.Build.0 = Release|Any CPU
		{5BBC12FC-762A-C223-A390-C3A348FD7BCF}.Debug|Any CPU.ActiveCfg = Debug|Any CPU
		{5BBC12FC-762A-C223-A390-C3A348FD7BCF}.Debug|Any CPU.Build.0 = Debug|Any CPU
		{5BBC12FC-762A-C223-A390-C3A348FD7BCF}.Release|Any CPU.ActiveCfg = Release|Any CPU
		{5BBC12FC-762A-C223-A390-C3A348FD7BCF}.Release|Any CPU.Build.0 = Release|Any CPU
		{B737A07F-045F-D58D-49FC-8ABDDAF766F9}.Debug|Any CPU.ActiveCfg = Debug|Any CPU
		{B737A07F-045F-D58D-49FC-8ABDDAF766F9}.Debug|Any CPU.Build.0 = Debug|Any CPU
		{B737A07F-045F-D58D-49FC-8ABDDAF766F9}.Release|Any CPU.ActiveCfg = Release|Any CPU
		{B737A07F-045F-D58D-49FC-8ABDDAF766F9}.Release|Any CPU.Build.0 = Release|Any CPU
		{C5456847-55A5-8340-1F08-22ADC21DA85C}.Debug|Any CPU.ActiveCfg = Debug|Any CPU
		{C5456847-55A5-8340-1F08-22ADC21DA85C}.Debug|Any CPU.Build.0 = Debug|Any CPU
		{C5456847-55A5-8340-1F08-22ADC21DA85C}.Release|Any CPU.ActiveCfg = Release|Any CPU
		{C5456847-55A5-8340-1F08-22ADC21DA85C}.Release|Any CPU.Build.0 = Release|Any CPU
		{FE1E5B9F-F6D9-B536-9C3E-57AFA54F0DBF}.Debug|Any CPU.ActiveCfg = Debug|Any CPU
		{FE1E5B9F-F6D9-B536-9C3E-57AFA54F0DBF}.Debug|Any CPU.Build.0 = Debug|Any CPU
		{FE1E5B9F-F6D9-B536-9C3E-57AFA54F0DBF}.Release|Any CPU.ActiveCfg = Release|Any CPU
		{FE1E5B9F-F6D9-B536-9C3E-57AFA54F0DBF}.Release|Any CPU.Build.0 = Release|Any CPU
		{FAB4BBDD-6D7B-9661-CD8A-FD129DB0249B}.Debug|Any CPU.ActiveCfg = Debug|Any CPU
		{FAB4BBDD-6D7B-9661-CD8A-FD129DB0249B}.Debug|Any CPU.Build.0 = Debug|Any CPU
		{FAB4BBDD-6D7B-9661-CD8A-FD129DB0249B}.Release|Any CPU.ActiveCfg = Release|Any CPU
		{FAB4BBDD-6D7B-9661-CD8A-FD129DB0249B}.Release|Any CPU.Build.0 = Release|Any CPU
		{81417C3E-B8D6-F46B-BB44-5A52B2F6F5C6}.Debug|Any CPU.ActiveCfg = Debug|Any CPU
		{81417C3E-B8D6-F46B-BB44-5A52B2F6F5C6}.Debug|Any CPU.Build.0 = Debug|Any CPU
		{81417C3E-B8D6-F46B-BB44-5A52B2F6F5C6}.Release|Any CPU.ActiveCfg = Release|Any CPU
		{81417C3E-B8D6-F46B-BB44-5A52B2F6F5C6}.Release|Any CPU.Build.0 = Release|Any CPU
		{97EADAF8-B900-4974-C51F-6317E9011581}.Debug|Any CPU.ActiveCfg = Debug|Any CPU
		{97EADAF8-B900-4974-C51F-6317E9011581}.Debug|Any CPU.Build.0 = Debug|Any CPU
		{97EADAF8-B900-4974-C51F-6317E9011581}.Release|Any CPU.ActiveCfg = Release|Any CPU
		{97EADAF8-B900-4974-C51F-6317E9011581}.Release|Any CPU.Build.0 = Release|Any CPU
	EndGlobalSection
	GlobalSection(SolutionProperties) = preSolution
		HideSolutionNode = FALSE
	EndGlobalSection
EndGlobal
